// !$*UTF8*$!
{
	archiveVersion = 1;
	classes = {
	};
	objectVersion = 46;
	objects = {

/* Begin PBXBuildFile section */
		CC5932AC191BABFC00AE9AC9 /* 传奇.mp3 in Resources */ = {isa = PBXBuildFile; fileRef = CC5932AB191BABFC00AE9AC9 /* 传奇.mp3 */; };
		CC5932B2191BC59200AE9AC9 /* ZXAudioViewController.m in Sources */ = {isa = PBXBuildFile; fileRef = CC5932B0191BC59200AE9AC9 /* ZXAudioViewController.m */; };
		CC5932B3191BC59200AE9AC9 /* ZXAudioViewController.xib in Resources */ = {isa = PBXBuildFile; fileRef = CC5932B1191BC59200AE9AC9 /* ZXAudioViewController.xib */; };
		CC5E6A2B191BCD9A00AED641 /* AudioPlayerPlay.png in Resources */ = {isa = PBXBuildFile; fileRef = CC5E6A2A191BCD9A00AED641 /* AudioPlayerPlay.png */; };
		CC5E6A2D191C5C2200AED641 /* AudioPlayerPause.png in Resources */ = {isa = PBXBuildFile; fileRef = CC5E6A2C191C5C2200AED641 /* AudioPlayerPause.png */; };
		CC5E6A2F191C5C3800AED641 /* AudioPlayerNextTrack.png in Resources */ = {isa = PBXBuildFile; fileRef = CC5E6A2E191C5C3800AED641 /* AudioPlayerNextTrack.png */; };
		CC5E6A31191C5C4300AED641 /* AudioPlayerPrevTrack.png in Resources */ = {isa = PBXBuildFile; fileRef = CC5E6A30191C5C4300AED641 /* AudioPlayerPrevTrack.png */; };
		CC61F0DA1917B3060020EC0D /* new_features_1.jpg in Resources */ = {isa = PBXBuildFile; fileRef = CC61F0D51917B3060020EC0D /* new_features_1.jpg */; };
		CC61F0DB1917B3060020EC0D /* new_features_2.jpg in Resources */ = {isa = PBXBuildFile; fileRef = CC61F0D61917B3060020EC0D /* new_features_2.jpg */; };
		CC61F0DC1917B3060020EC0D /* new_features_3.jpg in Resources */ = {isa = PBXBuildFile; fileRef = CC61F0D71917B3060020EC0D /* new_features_3.jpg */; };
		CC61F0DD1917B3060020EC0D /* new_features_4.jpg in Resources */ = {isa = PBXBuildFile; fileRef = CC61F0D81917B3060020EC0D /* new_features_4.jpg */; };
		CC61F0DE1917B3060020EC0D /* new_features_5.jpg in Resources */ = {isa = PBXBuildFile; fileRef = CC61F0D91917B3060020EC0D /* new_features_5.jpg */; };
		CC6B3EF0191D164F00260C9D /* menu.png in Resources */ = {isa = PBXBuildFile; fileRef = CC6B3EEF191D164F00260C9D /* menu.png */; };
		CC6B3EF2191D16D300260C9D /* circleOpen.png in Resources */ = {isa = PBXBuildFile; fileRef = CC6B3EF1191D16D300260C9D /* circleOpen.png */; };
		CC6B3EF4191D20E000260C9D /* 媳妇你真好.lrc in Resources */ = {isa = PBXBuildFile; fileRef = CC6B3EF3191D20E000260C9D /* 媳妇你真好.lrc */; };
		CC6B3EF8191D20EE00260C9D /* 老婆最大.lrc in Resources */ = {isa = PBXBuildFile; fileRef = CC6B3EF5191D20EE00260C9D /* 老婆最大.lrc */; };
		CC6B3EFA191D20EE00260C9D /* 哥有老婆.lrc in Resources */ = {isa = PBXBuildFile; fileRef = CC6B3EF7191D20EE00260C9D /* 哥有老婆.lrc */; };
		CCA69DDF1917B0D9009A838A /* Foundation.framework in Frameworks */ = {isa = PBXBuildFile; fileRef = CCA69DDE1917B0D9009A838A /* Foundation.framework */; };
		CCA69DE11917B0D9009A838A /* CoreGraphics.framework in Frameworks */ = {isa = PBXBuildFile; fileRef = CCA69DE01917B0D9009A838A /* CoreGraphics.framework */; };
		CCA69DE31917B0D9009A838A /* UIKit.framework in Frameworks */ = {isa = PBXBuildFile; fileRef = CCA69DE21917B0D9009A838A /* UIKit.framework */; };
		CCA69DE91917B0D9009A838A /* InfoPlist.strings in Resources */ = {isa = PBXBuildFile; fileRef = CCA69DE71917B0D9009A838A /* InfoPlist.strings */; };
		CCA69DEB1917B0D9009A838A /* main.m in Sources */ = {isa = PBXBuildFile; fileRef = CCA69DEA1917B0D9009A838A /* main.m */; };
		CCA69DEF1917B0D9009A838A /* AppDelegate.m in Sources */ = {isa = PBXBuildFile; fileRef = CCA69DEE1917B0D9009A838A /* AppDelegate.m */; };
		CCA69DF11917B0D9009A838A /* Images.xcassets in Resources */ = {isa = PBXBuildFile; fileRef = CCA69DF01917B0D9009A838A /* Images.xcassets */; };
		CCA69DF81917B0D9009A838A /* XCTest.framework in Frameworks */ = {isa = PBXBuildFile; fileRef = CCA69DF71917B0D9009A838A /* XCTest.framework */; };
		CCA69DF91917B0D9009A838A /* Foundation.framework in Frameworks */ = {isa = PBXBuildFile; fileRef = CCA69DDE1917B0D9009A838A /* Foundation.framework */; };
		CCA69DFA1917B0D9009A838A /* UIKit.framework in Frameworks */ = {isa = PBXBuildFile; fileRef = CCA69DE21917B0D9009A838A /* UIKit.framework */; };
		CCA69E021917B0D9009A838A /* InfoPlist.strings in Resources */ = {isa = PBXBuildFile; fileRef = CCA69E001917B0D9009A838A /* InfoPlist.strings */; };
		CCA69E041917B0D9009A838A /* ZYAudioPlayerTests.m in Sources */ = {isa = PBXBuildFile; fileRef = CCA69E031917B0D9009A838A /* ZYAudioPlayerTests.m */; };
		CCA69E0F1917B124009A838A /* ZXLoginViewController.m in Sources */ = {isa = PBXBuildFile; fileRef = CCA69E0E1917B124009A838A /* ZXLoginViewController.m */; };
		CCA69E121917B1BE009A838A /* ZXScrollView.m in Sources */ = {isa = PBXBuildFile; fileRef = CCA69E111917B1BE009A838A /* ZXScrollView.m */; };
		CCA69E151917B26F009A838A /* ZXScrolViewController.m in Sources */ = {isa = PBXBuildFile; fileRef = CCA69E141917B26F009A838A /* ZXScrolViewController.m */; };
		CCD683A2191CC25A0068DE33 /* IMG_1464.JPG in Resources */ = {isa = PBXBuildFile; fileRef = CCD683A1191CC25A0068DE33 /* IMG_1464.JPG */; };
		CCDFCA271917D3AA003F7DD2 /* AVFoundation.framework in Frameworks */ = {isa = PBXBuildFile; fileRef = CCDFCA261917D3AA003F7DD2 /* AVFoundation.framework */; };
		CCDFCA2A1917DC44003F7DD2 /* sourceALAC.caf in Resources */ = {isa = PBXBuildFile; fileRef = CCDFCA291917DC44003F7DD2 /* sourceALAC.caf */; };
		CCF89584191C78CE0005EAEF /* 爱情鸟.mp3 in Resources */ = {isa = PBXBuildFile; fileRef = CCF89579191C78CE0005EAEF /* 爱情鸟.mp3 */; };
		CCF89585191C78CE0005EAEF /* 爱囚.mp3 in Resources */ = {isa = PBXBuildFile; fileRef = CCF8957A191C78CE0005EAEF /* 爱囚.mp3 */; };
		CCF89586191C78CE0005EAEF /* 把悲伤留给自己.mp3 in Resources */ = {isa = PBXBuildFile; fileRef = CCF8957B191C78CE0005EAEF /* 把悲伤留给自己.mp3 */; };
		CCF89587191C78CE0005EAEF /* 爸爸去哪儿.mp3 in Resources */ = {isa = PBXBuildFile; fileRef = CCF8957C191C78CE0005EAEF /* 爸爸去哪儿.mp3 */; };
		CCF89588191C78CE0005EAEF /* 哥有老婆.mp3 in Resources */ = {isa = PBXBuildFile; fileRef = CCF8957D191C78CE0005EAEF /* 哥有老婆.mp3 */; };
		CCF89589191C78CE0005EAEF /* 好男人寂寞了也犯错.mp3 in Resources */ = {isa = PBXBuildFile; fileRef = CCF8957E191C78CE0005EAEF /* 好男人寂寞了也犯错.mp3 */; };
		CCF8958A191C78CE0005EAEF /* 老婆最大.mp3 in Resources */ = {isa = PBXBuildFile; fileRef = CCF8957F191C78CE0005EAEF /* 老婆最大.mp3 */; };
		CCF8958B191C78CE0005EAEF /* 媳妇你真好.mp3 in Resources */ = {isa = PBXBuildFile; fileRef = CCF89580191C78CE0005EAEF /* 媳妇你真好.mp3 */; };
		CCF8958C191C78CE0005EAEF /* 一万个舍不得.mp3 in Resources */ = {isa = PBXBuildFile; fileRef = CCF89581191C78CE0005EAEF /* 一万个舍不得.mp3 */; };
		CCF8958D191C78CE0005EAEF /* 月亮惹的祸.mp3 in Resources */ = {isa = PBXBuildFile; fileRef = CCF89582191C78CE0005EAEF /* 月亮惹的祸.mp3 */; };
		CCF8958E191C78CE0005EAEF /* 咱们结婚吧.mp3 in Resources */ = {isa = PBXBuildFile; fileRef = CCF89583191C78CE0005EAEF /* 咱们结婚吧.mp3 */; };
		CCF89590191CAD2F0005EAEF /* 爱情鸟.lrc in Resources */ = {isa = PBXBuildFile; fileRef = CCF8958F191CAD2F0005EAEF /* 爱情鸟.lrc */; };
		CCF89594191CADAF0005EAEF /* 爱囚.lrc in Resources */ = {isa = PBXBuildFile; fileRef = CCF89591191CADAF0005EAEF /* 爱囚.lrc */; };
		CCF89596191CADAF0005EAEF /* 爸爸去哪儿.lrc in Resources */ = {isa = PBXBuildFile; fileRef = CCF89593191CADAF0005EAEF /* 爸爸去哪儿.lrc */; };
		CCF9FE9A191E2BBA00EF9B5A /* 好男人寂寞了也犯错.lrc in Resources */ = {isa = PBXBuildFile; fileRef = CCF9FE99191E2BBA00EF9B5A /* 好男人寂寞了也犯错.lrc */; };
		CCF9FE9E192079EF00EF9B5A /* Images-2.xcassets in Resources */ = {isa = PBXBuildFile; fileRef = CCF9FE9D192079EF00EF9B5A /* Images-2.xcassets */; };
		CCF9FEA019207A9400EF9B5A /* iconasdf.png in Resources */ = {isa = PBXBuildFile; fileRef = CCF9FE9F19207A9400EF9B5A /* iconasdf.png */; };
		CCF9FEA21920A01100EF9B5A /* Images-3.xcassets in Resources */ = {isa = PBXBuildFile; fileRef = CCF9FEA11920A01100EF9B5A /* Images-3.xcassets */; };
		CCF9FEA41920A07200EF9B5A /* Default-568h@2x.png in Resources */ = {isa = PBXBuildFile; fileRef = CCF9FEA31920A07200EF9B5A /* Default-568h@2x.png */; };
		CCFA44A1191B585F004C963E /* 倩女幽魂.mp3 in Resources */ = {isa = PBXBuildFile; fileRef = CCFA44A0191B585F004C963E /* 倩女幽魂.mp3 */; };
/* End PBXBuildFile section */

/* Begin PBXContainerItemProxy section */
		CCA69DFB1917B0D9009A838A /* PBXContainerItemProxy */ = {
			isa = PBXContainerItemProxy;
			containerPortal = CCA69DD31917B0D9009A838A /* Project object */;
			proxyType = 1;
			remoteGlobalIDString = CCA69DDA1917B0D9009A838A;
			remoteInfo = ZYAudioPlayer;
		};
/* End PBXContainerItemProxy section */

/* Begin PBXFileReference section */
		CC5932AB191BABFC00AE9AC9 /* 传奇.mp3 */ = {isa = PBXFileReference; lastKnownFileType = audio.mp3; path = "传奇.mp3"; sourceTree = "<group>"; };
		CC5932AF191BC59200AE9AC9 /* ZXAudioViewController.h */ = {isa = PBXFileReference; fileEncoding = 4; lastKnownFileType = sourcecode.c.h; path = ZXAudioViewController.h; sourceTree = "<group>"; };
		CC5932B0191BC59200AE9AC9 /* ZXAudioViewController.m */ = {isa = PBXFileReference; fileEncoding = 4; lastKnownFileType = sourcecode.c.objc; path = ZXAudioViewController.m; sourceTree = "<group>"; };
		CC5932B1191BC59200AE9AC9 /* ZXAudioViewController.xib */ = {isa = PBXFileReference; fileEncoding = 4; lastKnownFileType = file.xib; path = ZXAudioViewController.xib; sourceTree = "<group>"; };
		CC5E6A2A191BCD9A00AED641 /* AudioPlayerPlay.png */ = {isa = PBXFileReference; lastKnownFileType = image.png; path = AudioPlayerPlay.png; sourceTree = "<group>"; };
		CC5E6A2C191C5C2200AED641 /* AudioPlayerPause.png */ = {isa = PBXFileReference; lastKnownFileType = image.png; path = AudioPlayerPause.png; sourceTree = "<group>"; };
		CC5E6A2E191C5C3800AED641 /* AudioPlayerNextTrack.png */ = {isa = PBXFileReference; lastKnownFileType = image.png; path = AudioPlayerNextTrack.png; sourceTree = "<group>"; };
		CC5E6A30191C5C4300AED641 /* AudioPlayerPrevTrack.png */ = {isa = PBXFileReference; lastKnownFileType = image.png; path = AudioPlayerPrevTrack.png; sourceTree = "<group>"; };
		CC61F0D51917B3060020EC0D /* new_features_1.jpg */ = {isa = PBXFileReference; lastKnownFileType = image.jpeg; path = new_features_1.jpg; sourceTree = "<group>"; };
		CC61F0D61917B3060020EC0D /* new_features_2.jpg */ = {isa = PBXFileReference; lastKnownFileType = image.jpeg; path = new_features_2.jpg; sourceTree = "<group>"; };
		CC61F0D71917B3060020EC0D /* new_features_3.jpg */ = {isa = PBXFileReference; lastKnownFileType = image.jpeg; path = new_features_3.jpg; sourceTree = "<group>"; };
		CC61F0D81917B3060020EC0D /* new_features_4.jpg */ = {isa = PBXFileReference; lastKnownFileType = image.jpeg; path = new_features_4.jpg; sourceTree = "<group>"; };
		CC61F0D91917B3060020EC0D /* new_features_5.jpg */ = {isa = PBXFileReference; lastKnownFileType = image.jpeg; path = new_features_5.jpg; sourceTree = "<group>"; };
		CC6B3EEF191D164F00260C9D /* menu.png */ = {isa = PBXFileReference; lastKnownFileType = image.png; path = menu.png; sourceTree = "<group>"; };
		CC6B3EF1191D16D300260C9D /* circleOpen.png */ = {isa = PBXFileReference; lastKnownFileType = image.png; path = circleOpen.png; sourceTree = "<group>"; };
		CC6B3EF3191D20E000260C9D /* 媳妇你真好.lrc */ = {isa = PBXFileReference; fileEncoding = 4; lastKnownFileType = text; path = "媳妇你真好.lrc"; sourceTree = "<group>"; };
		CC6B3EF5191D20EE00260C9D /* 老婆最大.lrc */ = {isa = PBXFileReference; fileEncoding = 4; lastKnownFileType = text; path = "老婆最大.lrc"; sourceTree = "<group>"; };
		CC6B3EF7191D20EE00260C9D /* 哥有老婆.lrc */ = {isa = PBXFileReference; fileEncoding = 4; lastKnownFileType = text; path = "哥有老婆.lrc"; sourceTree = "<group>"; };
		CCA69DDB1917B0D9009A838A /* ZYAudioPlayer.app */ = {isa = PBXFileReference; explicitFileType = wrapper.application; includeInIndex = 0; path = ZYAudioPlayer.app; sourceTree = BUILT_PRODUCTS_DIR; };
		CCA69DDE1917B0D9009A838A /* Foundation.framework */ = {isa = PBXFileReference; lastKnownFileType = wrapper.framework; name = Foundation.framework; path = System/Library/Frameworks/Foundation.framework; sourceTree = SDKROOT; };
		CCA69DE01917B0D9009A838A /* CoreGraphics.framework */ = {isa = PBXFileReference; lastKnownFileType = wrapper.framework; name = CoreGraphics.framework; path = System/Library/Frameworks/CoreGraphics.framework; sourceTree = SDKROOT; };
		CCA69DE21917B0D9009A838A /* UIKit.framework */ = {isa = PBXFileReference; lastKnownFileType = wrapper.framework; name = UIKit.framework; path = System/Library/Frameworks/UIKit.framework; sourceTree = SDKROOT; };
		CCA69DE61917B0D9009A838A /* ZYAudioPlayer-Info.plist */ = {isa = PBXFileReference; lastKnownFileType = text.plist.xml; path = "ZYAudioPlayer-Info.plist"; sourceTree = "<group>"; };
		CCA69DE81917B0D9009A838A /* en */ = {isa = PBXFileReference; lastKnownFileType = text.plist.strings; name = en; path = en.lproj/InfoPlist.strings; sourceTree = "<group>"; };
		CCA69DEA1917B0D9009A838A /* main.m */ = {isa = PBXFileReference; lastKnownFileType = sourcecode.c.objc; path = main.m; sourceTree = "<group>"; };
		CCA69DEC1917B0D9009A838A /* ZYAudioPlayer-Prefix.pch */ = {isa = PBXFileReference; lastKnownFileType = sourcecode.c.h; path = "ZYAudioPlayer-Prefix.pch"; sourceTree = "<group>"; };
		CCA69DED1917B0D9009A838A /* AppDelegate.h */ = {isa = PBXFileReference; lastKnownFileType = sourcecode.c.h; path = AppDelegate.h; sourceTree = "<group>"; };
		CCA69DEE1917B0D9009A838A /* AppDelegate.m */ = {isa = PBXFileReference; lastKnownFileType = sourcecode.c.objc; path = AppDelegate.m; sourceTree = "<group>"; };
		CCA69DF01917B0D9009A838A /* Images.xcassets */ = {isa = PBXFileReference; lastKnownFileType = folder.assetcatalog; path = Images.xcassets; sourceTree = "<group>"; };
		CCA69DF61917B0D9009A838A /* ZYAudioPlayerTests.xctest */ = {isa = PBXFileReference; explicitFileType = wrapper.cfbundle; includeInIndex = 0; path = ZYAudioPlayerTests.xctest; sourceTree = BUILT_PRODUCTS_DIR; };
		CCA69DF71917B0D9009A838A /* XCTest.framework */ = {isa = PBXFileReference; lastKnownFileType = wrapper.framework; name = XCTest.framework; path = Library/Frameworks/XCTest.framework; sourceTree = DEVELOPER_DIR; };
		CCA69DFF1917B0D9009A838A /* ZYAudioPlayerTests-Info.plist */ = {isa = PBXFileReference; lastKnownFileType = text.plist.xml; path = "ZYAudioPlayerTests-Info.plist"; sourceTree = "<group>"; };
		CCA69E011917B0D9009A838A /* en */ = {isa = PBXFileReference; lastKnownFileType = text.plist.strings; name = en; path = en.lproj/InfoPlist.strings; sourceTree = "<group>"; };
		CCA69E031917B0D9009A838A /* ZYAudioPlayerTests.m */ = {isa = PBXFileReference; lastKnownFileType = sourcecode.c.objc; path = ZYAudioPlayerTests.m; sourceTree = "<group>"; };
		CCA69E0D1917B124009A838A /* ZXLoginViewController.h */ = {isa = PBXFileReference; fileEncoding = 4; lastKnownFileType = sourcecode.c.h; path = ZXLoginViewController.h; sourceTree = "<group>"; };
		CCA69E0E1917B124009A838A /* ZXLoginViewController.m */ = {isa = PBXFileReference; fileEncoding = 4; lastKnownFileType = sourcecode.c.objc; path = ZXLoginViewController.m; sourceTree = "<group>"; };
		CCA69E101917B1BE009A838A /* ZXScrollView.h */ = {isa = PBXFileReference; fileEncoding = 4; lastKnownFileType = sourcecode.c.h; path = ZXScrollView.h; sourceTree = "<group>"; };
		CCA69E111917B1BE009A838A /* ZXScrollView.m */ = {isa = PBXFileReference; fileEncoding = 4; lastKnownFileType = sourcecode.c.objc; path = ZXScrollView.m; sourceTree = "<group>"; };
		CCA69E131917B26F009A838A /* ZXScrolViewController.h */ = {isa = PBXFileReference; fileEncoding = 4; lastKnownFileType = sourcecode.c.h; path = ZXScrolViewController.h; sourceTree = "<group>"; };
		CCA69E141917B26F009A838A /* ZXScrolViewController.m */ = {isa = PBXFileReference; fileEncoding = 4; lastKnownFileType = sourcecode.c.objc; path = ZXScrolViewController.m; sourceTree = "<group>"; };
		CCD683A1191CC25A0068DE33 /* IMG_1464.JPG */ = {isa = PBXFileReference; lastKnownFileType = image.jpeg; path = IMG_1464.JPG; sourceTree = "<group>"; };
		CCDFCA261917D3AA003F7DD2 /* AVFoundation.framework */ = {isa = PBXFileReference; lastKnownFileType = wrapper.framework; name = AVFoundation.framework; path = System/Library/Frameworks/AVFoundation.framework; sourceTree = SDKROOT; };
		CCDFCA291917DC44003F7DD2 /* sourceALAC.caf */ = {isa = PBXFileReference; lastKnownFileType = file; path = sourceALAC.caf; sourceTree = "<group>"; };
		CCF89579191C78CE0005EAEF /* 爱情鸟.mp3 */ = {isa = PBXFileReference; lastKnownFileType = audio.mp3; path = "爱情鸟.mp3"; sourceTree = "<group>"; };
		CCF8957A191C78CE0005EAEF /* 爱囚.mp3 */ = {isa = PBXFileReference; lastKnownFileType = audio.mp3; path = "爱囚.mp3"; sourceTree = "<group>"; };
		CCF8957B191C78CE0005EAEF /* 把悲伤留给自己.mp3 */ = {isa = PBXFileReference; lastKnownFileType = audio.mp3; path = "把悲伤留给自己.mp3"; sourceTree = "<group>"; };
		CCF8957C191C78CE0005EAEF /* 爸爸去哪儿.mp3 */ = {isa = PBXFileReference; lastKnownFileType = audio.mp3; path = "爸爸去哪儿.mp3"; sourceTree = "<group>"; };
		CCF8957D191C78CE0005EAEF /* 哥有老婆.mp3 */ = {isa = PBXFileReference; lastKnownFileType = audio.mp3; path = "哥有老婆.mp3"; sourceTree = "<group>"; };
		CCF8957E191C78CE0005EAEF /* 好男人寂寞了也犯错.mp3 */ = {isa = PBXFileReference; lastKnownFileType = audio.mp3; path = "好男人寂寞了也犯错.mp3"; sourceTree = "<group>"; };
		CCF8957F191C78CE0005EAEF /* 老婆最大.mp3 */ = {isa = PBXFileReference; lastKnownFileType = audio.mp3; path = "老婆最大.mp3"; sourceTree = "<group>"; };
		CCF89580191C78CE0005EAEF /* 媳妇你真好.mp3 */ = {isa = PBXFileReference; lastKnownFileType = audio.mp3; path = "媳妇你真好.mp3"; sourceTree = "<group>"; };
		CCF89581191C78CE0005EAEF /* 一万个舍不得.mp3 */ = {isa = PBXFileReference; lastKnownFileType = audio.mp3; path = "一万个舍不得.mp3"; sourceTree = "<group>"; };
		CCF89582191C78CE0005EAEF /* 月亮惹的祸.mp3 */ = {isa = PBXFileReference; lastKnownFileType = audio.mp3; path = "月亮惹的祸.mp3"; sourceTree = "<group>"; };
		CCF89583191C78CE0005EAEF /* 咱们结婚吧.mp3 */ = {isa = PBXFileReference; lastKnownFileType = audio.mp3; path = "咱们结婚吧.mp3"; sourceTree = "<group>"; };
		CCF8958F191CAD2F0005EAEF /* 爱情鸟.lrc */ = {isa = PBXFileReference; fileEncoding = 4; lastKnownFileType = text; path = "爱情鸟.lrc"; sourceTree = "<group>"; };
		CCF89591191CADAF0005EAEF /* 爱囚.lrc */ = {isa = PBXFileReference; fileEncoding = 4; lastKnownFileType = text; path = "爱囚.lrc"; sourceTree = "<group>"; };
		CCF89593191CADAF0005EAEF /* 爸爸去哪儿.lrc */ = {isa = PBXFileReference; fileEncoding = 4; lastKnownFileType = text; path = "爸爸去哪儿.lrc"; sourceTree = "<group>"; };
		CCF9FE99191E2BBA00EF9B5A /* 好男人寂寞了也犯错.lrc */ = {isa = PBXFileReference; fileEncoding = 4; lastKnownFileType = text; path = "好男人寂寞了也犯错.lrc"; sourceTree = "<group>"; };
		CCF9FE9D192079EF00EF9B5A /* Images-2.xcassets */ = {isa = PBXFileReference; lastKnownFileType = folder.assetcatalog; path = "Images-2.xcassets"; sourceTree = "<group>"; };
		CCF9FE9F19207A9400EF9B5A /* iconasdf.png */ = {isa = PBXFileReference; lastKnownFileType = image.png; path = iconasdf.png; sourceTree = "<group>"; };
		CCF9FEA11920A01100EF9B5A /* Images-3.xcassets */ = {isa = PBXFileReference; lastKnownFileType = folder.assetcatalog; path = "Images-3.xcassets"; sourceTree = "<group>"; };
		CCF9FEA31920A07200EF9B5A /* Default-568h@2x.png */ = {isa = PBXFileReference; lastKnownFileType = image.png; path = "Default-568h@2x.png"; sourceTree = "<group>"; };
		CCFA44A0191B585F004C963E /* 倩女幽魂.mp3 */ = {isa = PBXFileReference; lastKnownFileType = audio.mp3; path = "倩女幽魂.mp3"; sourceTree = "<group>"; };
/* End PBXFileReference section */

/* Begin PBXFrameworksBuildPhase section */
		CCA69DD81917B0D9009A838A /* Frameworks */ = {
			isa = PBXFrameworksBuildPhase;
			buildActionMask = 2147483647;
			files = (
				CCDFCA271917D3AA003F7DD2 /* AVFoundation.framework in Frameworks */,
				CCA69DE11917B0D9009A838A /* CoreGraphics.framework in Frameworks */,
				CCA69DE31917B0D9009A838A /* UIKit.framework in Frameworks */,
				CCA69DDF1917B0D9009A838A /* Foundation.framework in Frameworks */,
			);
			runOnlyForDeploymentPostprocessing = 0;
		};
		CCA69DF31917B0D9009A838A /* Frameworks */ = {
			isa = PBXFrameworksBuildPhase;
			buildActionMask = 2147483647;
			files = (
				CCA69DF81917B0D9009A838A /* XCTest.framework in Frameworks */,
				CCA69DFA1917B0D9009A838A /* UIKit.framework in Frameworks */,
				CCA69DF91917B0D9009A838A /* Foundation.framework in Frameworks */,
			);
			runOnlyForDeploymentPostprocessing = 0;
		};
/* End PBXFrameworksBuildPhase section */

/* Begin PBXGroup section */
		CC5E6A29191BCD6300AED641 /* controllerImage */ = {
			isa = PBXGroup;
			children = (
				CC6B3EF1191D16D300260C9D /* circleOpen.png */,
				CC6B3EEF191D164F00260C9D /* menu.png */,
				CC5E6A2C191C5C2200AED641 /* AudioPlayerPause.png */,
				CC5E6A2E191C5C3800AED641 /* AudioPlayerNextTrack.png */,
				CC5E6A2A191BCD9A00AED641 /* AudioPlayerPlay.png */,
				CC5E6A30191C5C4300AED641 /* AudioPlayerPrevTrack.png */,
			);
			name = controllerImage;
			sourceTree = "<group>";
		};
		CC61F0D41917B2E40020EC0D /* image */ = {
			isa = PBXGroup;
			children = (
				CCF9FE9F19207A9400EF9B5A /* iconasdf.png */,
				CCD683A1191CC25A0068DE33 /* IMG_1464.JPG */,
				CC61F0D51917B3060020EC0D /* new_features_1.jpg */,
				CC61F0D61917B3060020EC0D /* new_features_2.jpg */,
				CC61F0D71917B3060020EC0D /* new_features_3.jpg */,
				CC61F0D81917B3060020EC0D /* new_features_4.jpg */,
				CC61F0D91917B3060020EC0D /* new_features_5.jpg */,
			);
			name = image;
			sourceTree = "<group>";
		};
		CC6B3EFB191D212E00260C9D /* musicLrc */ = {
			isa = PBXGroup;
			children = (
				CCF8958F191CAD2F0005EAEF /* 爱情鸟.lrc */,
				CCF89591191CADAF0005EAEF /* 爱囚.lrc */,
				CCF9FE99191E2BBA00EF9B5A /* 好男人寂寞了也犯错.lrc */,
				CC6B3EF5191D20EE00260C9D /* 老婆最大.lrc */,
				CC6B3EF7191D20EE00260C9D /* 哥有老婆.lrc */,
				CC6B3EF3191D20E000260C9D /* 媳妇你真好.lrc */,
				CCF89593191CADAF0005EAEF /* 爸爸去哪儿.lrc */,
			);
			name = musicLrc;
			sourceTree = "<group>";
		};
		CCA69DD21917B0D9009A838A = {
			isa = PBXGroup;
			children = (
				CCF9FEA31920A07200EF9B5A /* Default-568h@2x.png */,
				CCA69DE41917B0D9009A838A /* ZYAudioPlayer */,
				CCA69DFD1917B0D9009A838A /* ZYAudioPlayerTests */,
				CCA69DDD1917B0D9009A838A /* Frameworks */,
				CCA69DDC1917B0D9009A838A /* Products */,
			);
			sourceTree = "<group>";
		};
		CCA69DDC1917B0D9009A838A /* Products */ = {
			isa = PBXGroup;
			children = (
				CCA69DDB1917B0D9009A838A /* ZYAudioPlayer.app */,
				CCA69DF61917B0D9009A838A /* ZYAudioPlayerTests.xctest */,
			);
			name = Products;
			sourceTree = "<group>";
		};
		CCA69DDD1917B0D9009A838A /* Frameworks */ = {
			isa = PBXGroup;
			children = (
				CCDFCA261917D3AA003F7DD2 /* AVFoundation.framework */,
				CCA69DDE1917B0D9009A838A /* Foundation.framework */,
				CCA69DE01917B0D9009A838A /* CoreGraphics.framework */,
				CCA69DE21917B0D9009A838A /* UIKit.framework */,
				CCA69DF71917B0D9009A838A /* XCTest.framework */,
			);
			name = Frameworks;
			sourceTree = "<group>";
		};
		CCA69DE41917B0D9009A838A /* ZYAudioPlayer */ = {
			isa = PBXGroup;
			children = (
				CCA69DED1917B0D9009A838A /* AppDelegate.h */,
				CCA69DEE1917B0D9009A838A /* AppDelegate.m */,
				CCA69E0D1917B124009A838A /* ZXLoginViewController.h */,
				CCA69E0E1917B124009A838A /* ZXLoginViewController.m */,
				CC5932AF191BC59200AE9AC9 /* ZXAudioViewController.h */,
				CC5932B0191BC59200AE9AC9 /* ZXAudioViewController.m */,
				CC5932B1191BC59200AE9AC9 /* ZXAudioViewController.xib */,
				CCA69E131917B26F009A838A /* ZXScrolViewController.h */,
				CCA69E141917B26F009A838A /* ZXScrolViewController.m */,
				CCA69E101917B1BE009A838A /* ZXScrollView.h */,
				CCA69E111917B1BE009A838A /* ZXScrollView.m */,
				CC5E6A29191BCD6300AED641 /* controllerImage */,
				CCE748C41918689300EBF617 /* audio */,
				CC61F0D41917B2E40020EC0D /* image */,
				CCA69DF01917B0D9009A838A /* Images.xcassets */,
				CCF9FE9D192079EF00EF9B5A /* Images-2.xcassets */,
				CCF9FEA11920A01100EF9B5A /* Images-3.xcassets */,
				CCA69DE51917B0D9009A838A /* Supporting Files */,
			);
			path = ZYAudioPlayer;
			sourceTree = "<group>";
		};
		CCA69DE51917B0D9009A838A /* Supporting Files */ = {
			isa = PBXGroup;
			children = (
				CCA69DE61917B0D9009A838A /* ZYAudioPlayer-Info.plist */,
				CCA69DE71917B0D9009A838A /* InfoPlist.strings */,
				CCA69DEA1917B0D9009A838A /* main.m */,
				CCA69DEC1917B0D9009A838A /* ZYAudioPlayer-Prefix.pch */,
			);
			name = "Supporting Files";
			sourceTree = "<group>";
		};
		CCA69DFD1917B0D9009A838A /* ZYAudioPlayerTests */ = {
			isa = PBXGroup;
			children = (
				CCA69E031917B0D9009A838A /* ZYAudioPlayerTests.m */,
				CCA69DFE1917B0D9009A838A /* Supporting Files */,
			);
			path = ZYAudioPlayerTests;
			sourceTree = "<group>";
		};
		CCA69DFE1917B0D9009A838A /* Supporting Files */ = {
			isa = PBXGroup;
			children = (
				CCA69DFF1917B0D9009A838A /* ZYAudioPlayerTests-Info.plist */,
				CCA69E001917B0D9009A838A /* InfoPlist.strings */,
			);
			name = "Supporting Files";
			sourceTree = "<group>";
		};
		CCE748C41918689300EBF617 /* audio */ = {
			isa = PBXGroup;
			children = (
				CC6B3EFB191D212E00260C9D /* musicLrc */,
				CCF89579191C78CE0005EAEF /* 爱情鸟.mp3 */,
				CCF8957A191C78CE0005EAEF /* 爱囚.mp3 */,
				CCF8957B191C78CE0005EAEF /* 把悲伤留给自己.mp3 */,
				CCF8957C191C78CE0005EAEF /* 爸爸去哪儿.mp3 */,
				CCF8957D191C78CE0005EAEF /* 哥有老婆.mp3 */,
				CCF8957E191C78CE0005EAEF /* 好男人寂寞了也犯错.mp3 */,
				CCF8957F191C78CE0005EAEF /* 老婆最大.mp3 */,
				CCF89580191C78CE0005EAEF /* 媳妇你真好.mp3 */,
				CCF89581191C78CE0005EAEF /* 一万个舍不得.mp3 */,
				CCF89582191C78CE0005EAEF /* 月亮惹的祸.mp3 */,
				CCF89583191C78CE0005EAEF /* 咱们结婚吧.mp3 */,
				CC5932AB191BABFC00AE9AC9 /* 传奇.mp3 */,
				CCDFCA291917DC44003F7DD2 /* sourceALAC.caf */,
				CCFA44A0191B585F004C963E /* 倩女幽魂.mp3 */,
			);
			name = audio;
			sourceTree = "<group>";
		};
/* End PBXGroup section */

/* Begin PBXNativeTarget section */
		CCA69DDA1917B0D9009A838A /* ZYAudioPlayer */ = {
			isa = PBXNativeTarget;
			buildConfigurationList = CCA69E071917B0D9009A838A /* Build configuration list for PBXNativeTarget "ZYAudioPlayer" */;
			buildPhases = (
				CCA69DD71917B0D9009A838A /* Sources */,
				CCA69DD81917B0D9009A838A /* Frameworks */,
				CCA69DD91917B0D9009A838A /* Resources */,
			);
			buildRules = (
			);
			dependencies = (
			);
			name = ZYAudioPlayer;
			productName = ZYAudioPlayer;
			productReference = CCA69DDB1917B0D9009A838A /* ZYAudioPlayer.app */;
			productType = "com.apple.product-type.application";
		};
		CCA69DF51917B0D9009A838A /* ZYAudioPlayerTests */ = {
			isa = PBXNativeTarget;
			buildConfigurationList = CCA69E0A1917B0D9009A838A /* Build configuration list for PBXNativeTarget "ZYAudioPlayerTests" */;
			buildPhases = (
				CCA69DF21917B0D9009A838A /* Sources */,
				CCA69DF31917B0D9009A838A /* Frameworks */,
				CCA69DF41917B0D9009A838A /* Resources */,
			);
			buildRules = (
			);
			dependencies = (
				CCA69DFC1917B0D9009A838A /* PBXTargetDependency */,
			);
			name = ZYAudioPlayerTests;
			productName = ZYAudioPlayerTests;
			productReference = CCA69DF61917B0D9009A838A /* ZYAudioPlayerTests.xctest */;
			productType = "com.apple.product-type.bundle.unit-test";
		};
/* End PBXNativeTarget section */

/* Begin PBXProject section */
		CCA69DD31917B0D9009A838A /* Project object */ = {
			isa = PBXProject;
			attributes = {
				LastUpgradeCheck = 0510;
				ORGANIZATIONNAME = "___FULLUSERNAME___";
				TargetAttributes = {
					CCA69DF51917B0D9009A838A = {
						TestTargetID = CCA69DDA1917B0D9009A838A;
					};
				};
			};
			buildConfigurationList = CCA69DD61917B0D9009A838A /* Build configuration list for PBXProject "ZYAudioPlayer" */;
			compatibilityVersion = "Xcode 3.2";
			developmentRegion = English;
			hasScannedForEncodings = 0;
			knownRegions = (
				en,
			);
			mainGroup = CCA69DD21917B0D9009A838A;
			productRefGroup = CCA69DDC1917B0D9009A838A /* Products */;
			projectDirPath = "";
			projectRoot = "";
			targets = (
				CCA69DDA1917B0D9009A838A /* ZYAudioPlayer */,
				CCA69DF51917B0D9009A838A /* ZYAudioPlayerTests */,
			);
		};
/* End PBXProject section */

/* Begin PBXResourcesBuildPhase section */
		CCA69DD91917B0D9009A838A /* Resources */ = {
			isa = PBXResourcesBuildPhase;
			buildActionMask = 2147483647;
			files = (
				CCF9FE9E192079EF00EF9B5A /* Images-2.xcassets in Resources */,
				CC6B3EF2191D16D300260C9D /* circleOpen.png in Resources */,
				CCF89594191CADAF0005EAEF /* 爱囚.lrc in Resources */,
				CCF8958A191C78CE0005EAEF /* 老婆最大.mp3 in Resources */,
				CC6B3EF4191D20E000260C9D /* 媳妇你真好.lrc in Resources */,
				CCDFCA2A1917DC44003F7DD2 /* sourceALAC.caf in Resources */,
				CC5932B3191BC59200AE9AC9 /* ZXAudioViewController.xib in Resources */,
				CCF89587191C78CE0005EAEF /* 爸爸去哪儿.mp3 in Resources */,
				CCF89589191C78CE0005EAEF /* 好男人寂寞了也犯错.mp3 in Resources */,
				CCF89588191C78CE0005EAEF /* 哥有老婆.mp3 in Resources */,
				CCF89590191CAD2F0005EAEF /* 爱情鸟.lrc in Resources */,
				CC5E6A2F191C5C3800AED641 /* AudioPlayerNextTrack.png in Resources */,
				CC5E6A2D191C5C2200AED641 /* AudioPlayerPause.png in Resources */,
				CCF9FEA41920A07200EF9B5A /* Default-568h@2x.png in Resources */,
				CCF89586191C78CE0005EAEF /* 把悲伤留给自己.mp3 in Resources */,
				CCA69DE91917B0D9009A838A /* InfoPlist.strings in Resources */,
				CCFA44A1191B585F004C963E /* 倩女幽魂.mp3 in Resources */,
				CC61F0DE1917B3060020EC0D /* new_features_5.jpg in Resources */,
				CCF89585191C78CE0005EAEF /* 爱囚.mp3 in Resources */,
				CC6B3EF0191D164F00260C9D /* menu.png in Resources */,
				CC61F0DA1917B3060020EC0D /* new_features_1.jpg in Resources */,
				CC6B3EFA191D20EE00260C9D /* 哥有老婆.lrc in Resources */,
				CC5932AC191BABFC00AE9AC9 /* 传奇.mp3 in Resources */,
				CCF9FEA21920A01100EF9B5A /* Images-3.xcassets in Resources */,
				CC61F0DB1917B3060020EC0D /* new_features_2.jpg in Resources */,
				CCF89584191C78CE0005EAEF /* 爱情鸟.mp3 in Resources */,
				CCA69DF11917B0D9009A838A /* Images.xcassets in Resources */,
				CCF8958C191C78CE0005EAEF /* 一万个舍不得.mp3 in Resources */,
				CCD683A2191CC25A0068DE33 /* IMG_1464.JPG in Resources */,
				CC6B3EF8191D20EE00260C9D /* 老婆最大.lrc in Resources */,
				CCF9FE9A191E2BBA00EF9B5A /* 好男人寂寞了也犯错.lrc in Resources */,
				CC61F0DD1917B3060020EC0D /* new_features_4.jpg in Resources */,
				CC61F0DC1917B3060020EC0D /* new_features_3.jpg in Resources */,
				CCF8958D191C78CE0005EAEF /* 月亮惹的祸.mp3 in Resources */,
				CC5E6A31191C5C4300AED641 /* AudioPlayerPrevTrack.png in Resources */,
				CC5E6A2B191BCD9A00AED641 /* AudioPlayerPlay.png in Resources */,
				CCF8958E191C78CE0005EAEF /* 咱们结婚吧.mp3 in Resources */,
				CCF89596191CADAF0005EAEF /* 爸爸去哪儿.lrc in Resources */,
				CCF9FEA019207A9400EF9B5A /* iconasdf.png in Resources */,
				CCF8958B191C78CE0005EAEF /* 媳妇你真好.mp3 in Resources */,
			);
			runOnlyForDeploymentPostprocessing = 0;
		};
		CCA69DF41917B0D9009A838A /* Resources */ = {
			isa = PBXResourcesBuildPhase;
			buildActionMask = 2147483647;
			files = (
				CCA69E021917B0D9009A838A /* InfoPlist.strings in Resources */,
			);
			runOnlyForDeploymentPostprocessing = 0;
		};
/* End PBXResourcesBuildPhase section */

/* Begin PBXSourcesBuildPhase section */
		CCA69DD71917B0D9009A838A /* Sources */ = {
			isa = PBXSourcesBuildPhase;
			buildActionMask = 2147483647;
			files = (
				CCA69DEF1917B0D9009A838A /* AppDelegate.m in Sources */,
				CCA69E121917B1BE009A838A /* ZXScrollView.m in Sources */,
				CCA69E151917B26F009A838A /* ZXScrolViewController.m in Sources */,
				CCA69DEB1917B0D9009A838A /* main.m in Sources */,
				CCA69E0F1917B124009A838A /* ZXLoginViewController.m in Sources */,
				CC5932B2191BC59200AE9AC9 /* ZXAudioViewController.m in Sources */,
			);
			runOnlyForDeploymentPostprocessing = 0;
		};
		CCA69DF21917B0D9009A838A /* Sources */ = {
			isa = PBXSourcesBuildPhase;
			buildActionMask = 2147483647;
			files = (
				CCA69E041917B0D9009A838A /* ZYAudioPlayerTests.m in Sources */,
			);
			runOnlyForDeploymentPostprocessing = 0;
		};
/* End PBXSourcesBuildPhase section */

/* Begin PBXTargetDependency section */
		CCA69DFC1917B0D9009A838A /* PBXTargetDependency */ = {
			isa = PBXTargetDependency;
			target = CCA69DDA1917B0D9009A838A /* ZYAudioPlayer */;
			targetProxy = CCA69DFB1917B0D9009A838A /* PBXContainerItemProxy */;
		};
/* End PBXTargetDependency section */

/* Begin PBXVariantGroup section */
		CCA69DE71917B0D9009A838A /* InfoPlist.strings */ = {
			isa = PBXVariantGroup;
			children = (
				CCA69DE81917B0D9009A838A /* en */,
			);
			name = InfoPlist.strings;
			sourceTree = "<group>";
		};
		CCA69E001917B0D9009A838A /* InfoPlist.strings */ = {
			isa = PBXVariantGroup;
			children = (
				CCA69E011917B0D9009A838A /* en */,
			);
			name = InfoPlist.strings;
			sourceTree = "<group>";
		};
/* End PBXVariantGroup section */

/* Begin XCBuildConfiguration section */
		CCA69E051917B0D9009A838A /* Debug */ = {
			isa = XCBuildConfiguration;
			buildSettings = {
				ALWAYS_SEARCH_USER_PATHS = NO;
				CLANG_CXX_LANGUAGE_STANDARD = "gnu++0x";
				CLANG_CXX_LIBRARY = "libc++";
				CLANG_ENABLE_MODULES = YES;
				CLANG_ENABLE_OBJC_ARC = YES;
				CLANG_WARN_BOOL_CONVERSION = YES;
				CLANG_WARN_CONSTANT_CONVERSION = YES;
				CLANG_WARN_DIRECT_OBJC_ISA_USAGE = YES_ERROR;
				CLANG_WARN_EMPTY_BODY = YES;
				CLANG_WARN_ENUM_CONVERSION = YES;
				CLANG_WARN_INT_CONVERSION = YES;
				CLANG_WARN_OBJC_ROOT_CLASS = YES_ERROR;
				CLANG_WARN__DUPLICATE_METHOD_MATCH = YES;
				"CODE_SIGN_IDENTITY[sdk=iphoneos*]" = "iPhone Developer";
				COPY_PHASE_STRIP = NO;
				GCC_C_LANGUAGE_STANDARD = gnu99;
				GCC_DYNAMIC_NO_PIC = NO;
				GCC_OPTIMIZATION_LEVEL = 0;
				GCC_PREPROCESSOR_DEFINITIONS = (
					"DEBUG=1",
					"$(inherited)",
				);
				GCC_SYMBOLS_PRIVATE_EXTERN = NO;
				GCC_WARN_64_TO_32_BIT_CONVERSION = YES;
				GCC_WARN_ABOUT_RETURN_TYPE = YES_ERROR;
				GCC_WARN_UNDECLARED_SELECTOR = YES;
				GCC_WARN_UNINITIALIZED_AUTOS = YES_AGGRESSIVE;
				GCC_WARN_UNUSED_FUNCTION = YES;
				GCC_WARN_UNUSED_VARIABLE = YES;
				IPHONEOS_DEPLOYMENT_TARGET = 7.1;
				ONLY_ACTIVE_ARCH = YES;
				SDKROOT = iphoneos;
			};
			name = Debug;
		};
		CCA69E061917B0D9009A838A /* Release */ = {
			isa = XCBuildConfiguration;
			buildSettings = {
				ALWAYS_SEARCH_USER_PATHS = NO;
				CLANG_CXX_LANGUAGE_STANDARD = "gnu++0x";
				CLANG_CXX_LIBRARY = "libc++";
				CLANG_ENABLE_MODULES = YES;
				CLANG_ENABLE_OBJC_ARC = YES;
				CLANG_WARN_BOOL_CONVERSION = YES;
				CLANG_WARN_CONSTANT_CONVERSION = YES;
				CLANG_WARN_DIRECT_OBJC_ISA_USAGE = YES_ERROR;
				CLANG_WARN_EMPTY_BODY = YES;
				CLANG_WARN_ENUM_CONVERSION = YES;
				CLANG_WARN_INT_CONVERSION = YES;
				CLANG_WARN_OBJC_ROOT_CLASS = YES_ERROR;
				CLANG_WARN__DUPLICATE_METHOD_MATCH = YES;
				"CODE_SIGN_IDENTITY[sdk=iphoneos*]" = "iPhone Developer";
				COPY_PHASE_STRIP = YES;
				ENABLE_NS_ASSERTIONS = NO;
				GCC_C_LANGUAGE_STANDARD = gnu99;
				GCC_WARN_64_TO_32_BIT_CONVERSION = YES;
				GCC_WARN_ABOUT_RETURN_TYPE = YES_ERROR;
				GCC_WARN_UNDECLARED_SELECTOR = YES;
				GCC_WARN_UNINITIALIZED_AUTOS = YES_AGGRESSIVE;
				GCC_WARN_UNUSED_FUNCTION = YES;
				GCC_WARN_UNUSED_VARIABLE = YES;
				IPHONEOS_DEPLOYMENT_TARGET = 7.1;
				SDKROOT = iphoneos;
				VALIDATE_PRODUCT = YES;
			};
			name = Release;
		};
		CCA69E081917B0D9009A838A /* Debug */ = {
			isa = XCBuildConfiguration;
			buildSettings = {
				ASSETCATALOG_COMPILER_APPICON_NAME = AppIcon;
				CLANG_ENABLE_OBJC_ARC = NO;
				GCC_PRECOMPILE_PREFIX_HEADER = YES;
				GCC_PREFIX_HEADER = "ZYAudioPlayer/ZYAudioPlayer-Prefix.pch";
				INFOPLIST_FILE = "ZYAudioPlayer/ZYAudioPlayer-Info.plist";
				PRODUCT_NAME = "$(TARGET_NAME)";
				WRAPPER_EXTENSION = app;
			};
			name = Debug;
		};
		CCA69E091917B0D9009A838A /* Release */ = {
			isa = XCBuildConfiguration;
			buildSettings = {
				ASSETCATALOG_COMPILER_APPICON_NAME = AppIcon;
				CLANG_ENABLE_OBJC_ARC = NO;
				GCC_PRECOMPILE_PREFIX_HEADER = YES;
				GCC_PREFIX_HEADER = "ZYAudioPlayer/ZYAudioPlayer-Prefix.pch";
				INFOPLIST_FILE = "ZYAudioPlayer/ZYAudioPlayer-Info.plist";
				PRODUCT_NAME = "$(TARGET_NAME)";
				WRAPPER_EXTENSION = app;
			};
			name = Release;
		};
		CCA69E0B1917B0D9009A838A /* Debug */ = {
			isa = XCBuildConfiguration;
			buildSettings = {
				BUNDLE_LOADER = "$(BUILT_PRODUCTS_DIR)/ZYAudioPlayer.app/ZYAudioPlayer";
				FRAMEWORK_SEARCH_PATHS = (
					"$(SDKROOT)/Developer/Library/Frameworks",
					"$(inherited)",
					"$(DEVELOPER_FRAMEWORKS_DIR)",
				);
				GCC_PRECOMPILE_PREFIX_HEADER = YES;
				GCC_PREFIX_HEADER = "ZYAudioPlayer/ZYAudioPlayer-Prefix.pch";
				GCC_PREPROCESSOR_DEFINITIONS = (
					"DEBUG=1",
					"$(inherited)",
				);
				INFOPLIST_FILE = "ZYAudioPlayerTests/ZYAudioPlayerTests-Info.plist";
				PRODUCT_NAME = "$(TARGET_NAME)";
				TEST_HOST = "$(BUNDLE_LOADER)";
				WRAPPER_EXTENSION = xctest;
			};
			name = Debug;
		};
		CCA69E0C1917B0D9009A838A /* Release */ = {
			isa = XCBuildConfiguration;
			buildSettings = {
				BUNDLE_LOADER = "$(BUILT_PRODUCTS_DIR)/ZYAudioPlayer.app/ZYAudioPlayer";
				FRAMEWORK_SEARCH_PATHS = (
					"$(SDKROOT)/Developer/Library/Frameworks",
					"$(inherited)",
					"$(DEVELOPER_FRAMEWORKS_DIR)",
				);
				GCC_PRECOMPILE_PREFIX_HEADER = YES;
				GCC_PREFIX_HEADER = "ZYAudioPlayer/ZYAudioPlayer-Prefix.pch";
				INFOPLIST_FILE = "ZYAudioPlayerTests/ZYAudioPlayerTests-Info.plist";
				PRODUCT_NAME = "$(TARGET_NAME)";
				TEST_HOST = "$(BUNDLE_LOADER)";
				WRAPPER_EXTENSION = xctest;
			};
			name = Release;
		};
/* End XCBuildConfiguration section */

/* Begin XCConfigurationList section */
		CCA69DD61917B0D9009A838A /* Build configuration list for PBXProject "ZYAudioPlayer" */ = {
			isa = XCConfigurationList;
			buildConfigurations = (
				CCA69E051917B0D9009A838A /* Debug */,
				CCA69E061917B0D9009A838A /* Release */,
			);
			defaultConfigurationIsVisible = 0;
			defaultConfigurationName = Release;
		};
		CCA69E071917B0D9009A838A /* Build configuration list for PBXNativeTarget "ZYAudioPlayer" */ = {
			isa = XCConfigurationList;
			buildConfigurations = (
				CCA69E081917B0D9009A838A /* Debug */,
				CCA69E091917B0D9009A838A /* Release */,
			);
			defaultConfigurationIsVisible = 0;
			defaultConfigurationName = Release;
		};
		CCA69E0A1917B0D9009A838A /* Build configuration list for PBXNativeTarget "ZYAudioPlayerTests" */ = {
			isa = XCConfigurationList;
			buildConfigurations = (
				CCA69E0B1917B0D9009A838A /* Debug */,
				CCA69E0C1917B0D9009A838A /* Release */,
			);
			defaultConfigurationIsVisible = 0;
			defaultConfigurationName = Release;
		};
/* End XCConfigurationList section */
	};
	rootObject = CCA69DD31917B0D9009A838A /* Project object */;
}
